{
  "name": "test_franc",
  "version": "1.0.0",
  "lockfileVersion": 1,
  "requires": true,
  "dependencies": {
    "collapse-white-space": {
      "version": "1.0.6",
      "resolved": "https://registry.npmjs.org/collapse-white-space/-/collapse-white-space-1.0.6.tgz",
      "integrity": "sha512-jEovNnrhMuqyCcjfEJA56v0Xq8SkIoPKDyaHahwo3POf4qcSXqMYuwNcOTzp74vTsR9Tn08z4MxWqAhcekogkQ=="
    },
    "commander": {
      "version": "5.0.0",
      "resolved": "https://registry.npmjs.org/commander/-/commander-5.0.0.tgz",
      "integrity": "sha512-JrDGPAKjMGSP1G0DUoaceEJ3DZgAfr/q6X7FVk4+U5KxUSKviYGM2k6zWkfyyBHy5rAtzgYJFa1ro2O9PtoxwQ=="
    },
    "franc": {
      "version": "5.0.0",
      "resolved": "https://registry.npmjs.org/franc/-/franc-5.0.0.tgz",
      "integrity": "sha512-ioKMLQlZv0T4qQ/AivMt8y8i4M3RWvVeOAm8y8SAjfcN+shtHVqR7NKAQAfQcrxWIbmfne4pRTcgNBcM0bj60A==",
      "requires": {
        "trigram-utils": "^1.0.0"
      }
    },
    "immutable": {
      "version": "3.8.2",
      "resolved": "https://registry.npmjs.org/immutable/-/immutable-3.8.2.tgz",
      "integrity": "sha1-wkOZUUVbs5kT2vKBN28VMOEErfM="
    },
    "json2csv": {
      "version": "5.0.0",
      "resolved": "https://registry.npmjs.org/json2csv/-/json2csv-5.0.0.tgz",
      "integrity": "sha512-TakYvbGoC/Yn+DA+1DaT41YNzpIYZI/DodvoCAyZzAx2OdfijcLObgwxqqUtR5AY4syJtekuDOQtlvvgSVJJUw==",
      "requires": {
        "commander": "^5.0.0",
        "jsonparse": "^1.3.1",
        "lodash.get": "^4.4.2"
      }
    },
    "jsonparse": {
      "version": "1.3.1",
      "resolved": "https://registry.npmjs.org/jsonparse/-/jsonparse-1.3.1.tgz",
      "integrity": "sha1-P02uSpH6wxX3EGL4UhzCOfE2YoA="
    },
    "lodash.get": {
      "version": "4.4.2",
      "resolved": "https://registry.npmjs.org/lodash.get/-/lodash.get-4.4.2.tgz",
      "integrity": "sha1-LRd/ZS+jHpObRDjVNBSZ36OCXpk="
    },
    "n-gram": {
      "version": "1.1.2",
      "resolved": "https://registry.npmjs.org/n-gram/-/n-gram-1.1.2.tgz",
      "integrity": "sha512-mBTpWKp0NHdujHmxrskPg2jc108mjyMmVxHN1rZGK/ogTLi9O0debDIXlQPqotNELdNmVGtL4jr7SCig+4OWvQ=="
    },
    "pandas-js": {
      "version": "0.2.4",
      "resolved": "https://registry.npmjs.org/pandas-js/-/pandas-js-0.2.4.tgz",
      "integrity": "sha1-e/vaeaqw5cJ4IDeJyia3A2MyNdc=",
      "requires": {
        "immutable": "^3.8.1"
      }
    },
    "trigram-utils": {
      "version": "1.0.3",
      "resolved": "https://registry.npmjs.org/trigram-utils/-/trigram-utils-1.0.3.tgz",
      "integrity": "sha512-UAhS1Ll21FtClVIzIN0I/SmGnJ+D08BOxX7Dl1penV8raC0ksf2dJkhNI6kU1Mj3uT86Bul12iMvxXquXSYSng==",
      "requires": {
        "collapse-white-space": "^1.0.0",
        "n-gram": "^1.0.0",
        "trim": "0.0.1"
      },
      "dependencies": {
        "trim": {
          "version": "0.0.1",
          "resolved": "https://registry.npmjs.org/trim/-/trim-0.0.1.tgz",
          "integrity": "sha1-WFhUf2spB1fulczMZm+1AITEYN0="
        }
      }
    },
    "trim": {
      "version": "0.0.3",
      "resolved": "https://registry.npmjs.org/trim/-/trim-0.0.3.tgz",
      "integrity": "sha512-h82ywcYhHK7veeelXrCScdH7HkWfbIT1D/CgYO+nmDarz3SGNssVBMws6jU16Ga60AJCRAvPV6w6RLuNerQqjg=="
    }
  }
}
